// !$*UTF8*$!
{
	archiveVersion = 1;
	classes = {
	};
	objectVersion = 50;
	objects = {

/* Begin PBXBuildFile section */
		C20841AC22D4FB2C00FDE213 /* AppDelegate.swift in Sources */ = {isa = PBXBuildFile; fileRef = C20841AB22D4FB2C00FDE213 /* AppDelegate.swift */; };
		C20841AE22D4FB2C00FDE213 /* ViewController.swift in Sources */ = {isa = PBXBuildFile; fileRef = C20841AD22D4FB2C00FDE213 /* ViewController.swift */; };
		C20841B122D4FB2C00FDE213 /* Main.storyboard in Resources */ = {isa = PBXBuildFile; fileRef = C20841AF22D4FB2C00FDE213 /* Main.storyboard */; };
		C20841B322D4FB2D00FDE213 /* Assets.xcassets in Resources */ = {isa = PBXBuildFile; fileRef = C20841B222D4FB2D00FDE213 /* Assets.xcassets */; };
		C20841B622D4FB2D00FDE213 /* LaunchScreen.storyboard in Resources */ = {isa = PBXBuildFile; fileRef = C20841B422D4FB2D00FDE213 /* LaunchScreen.storyboard */; };
/* End PBXBuildFile section */

/* Begin PBXFileReference section */
		C20841A822D4FB2C00FDE213 /* UIDynamic UISnap UiAttachment + practce.app */ = {isa = PBXFileReference; explicitFileType = wrapper.application; includeInIndex = 0; path = "UIDynamic UISnap UiAttachment + practce.app"; sourceTree = BUILT_PRODUCTS_DIR; };
		C20841AB22D4FB2C00FDE213 /* AppDelegate.swift */ = {isa = PBXFileReference; lastKnownFileType = sourcecode.swift; path = AppDelegate.swift; sourceTree = "<group>"; };
		C20841AD22D4FB2C00FDE213 /* ViewController.swift */ = {isa = PBXFileReference; lastKnownFileType = sourcecode.swift; path = ViewController.swift; sourceTree = "<group>"; };
		C20841B022D4FB2C00FDE213 /* Base */ = {isa = PBXFileReference; lastKnownFileType = file.storyboard; name = Base; path = Base.lproj/Main.storyboard; sourceTree = "<group>"; };
		C20841B222D4FB2D00FDE213 /* Assets.xcassets */ = {isa = PBXFileReference; lastKnownFileType = folder.assetcatalog; path = Assets.xcassets; sourceTree = "<group>"; };
		C20841B522D4FB2D00FDE213 /* Base */ = {isa = PBXFileReference; lastKnownFileType = file.storyboard; name = Base; path = Base.lproj/LaunchScreen.storyboard; sourceTree = "<group>"; };
		C20841B722D4FB2D00FDE213 /* Info.plist */ = {isa = PBXFileReference; lastKnownFileType = text.plist.xml; path = Info.plist; sourceTree = "<group>"; };
/* End PBXFileReference section */

/* Begin PBXFrameworksBuildPhase section */
		C20841A522D4FB2C00FDE213 /* Frameworks */ = {
			isa = PBXFrameworksBuildPhase;
			buildActionMask = 2147483647;
			files = (
			);
			runOnlyForDeploymentPostprocessing = 0;
		};
/* End PBXFrameworksBuildPhase section */

/* Begin PBXGroup section */
		C208419F22D4FB2C00FDE213 = {
			isa = PBXGroup;
			children = (
				C20841AA22D4FB2C00FDE213 /* UIDynamic UISnap UiAttachment + practce */,
				C20841A922D4FB2C00FDE213 /* Products */,
			);
			sourceTree = "<group>";
		};
		C20841A922D4FB2C00FDE213 /* Products */ = {
			isa = PBXGroup;
			children = (
				C20841A822D4FB2C00FDE213 /* UIDynamic UISnap UiAttachment + practce.app */,
			);
			name = Products;
			sourceTree = "<group>";
		};
		C20841AA22D4FB2C00FDE213 /* UIDynamic UISnap UiAttachment + practce */ = {
			isa = PBXGroup;
			children = (
				C20841AB22D4FB2C00FDE213 /* AppDelegate.swift */,
				C20841AD22D4FB2C00FDE213 /* ViewController.swift */,
				C20841AF22D4FB2C00FDE213 /* Main.storyboard */,
				C20841B222D4FB2D00FDE213 /* Assets.xcassets */,
				C20841B422D4FB2D00FDE213 /* LaunchScreen.storyboard */,
				C20841B722D4FB2D00FDE213 /* Info.plist */,
			);
			path = "UIDynamic UISnap UiAttachment + practce";
			sourceTree = "<group>";
		};
/* End PBXGroup section */

/* Begin PBXNativeTarget section */
		C20841A722D4FB2C00FDE213 /* UIDynamic UISnap UiAttachment + practce */ = {
			isa = PBXNativeTarget;
			buildConfigurationList = C20841BA22D4FB2D00FDE213 /* Build configuration list for PBXNativeTarget "UIDynamic UISnap UiAttachment + practce" */;
			buildPhases = (
				C20841A422D4FB2C00FDE213 /* Sources */,
				C20841A522D4FB2C00FDE213 /* Frameworks */,
				C20841A622D4FB2C00FDE213 /* Resources */,
			);
			buildRules = (
			);
			dependencies = (
			);
			name = "UIDynamic UISnap UiAttachment + practce";
			productName = "UIDynamic UISnap UiAttachment + practce";
			productReference = C20841A822D4FB2C00FDE213 /* UIDynamic UISnap UiAttachment + practce.app */;
			productType = "com.apple.product-type.application";
		};
/* End PBXNativeTarget section */

/* Begin PBXProject section */
		C20841A022D4FB2C00FDE213 /* Project object */ = {
			isa = PBXProject;
			attributes = {
				LastSwiftUpdateCheck = 1020;
				LastUpgradeCheck = 1020;
				ORGANIZATIONNAME = "Денис Андреев";
				TargetAttributes = {
					C20841A722D4FB2C00FDE213 = {
						CreatedOnToolsVersion = 10.2.1;
					};
				};
			};
			buildConfigurationList = C20841A322D4FB2C00FDE213 /* Build configuration list for PBXProject "UIDynamic UISnap UiAttachment + practce" */;
			compatibilityVersion = "Xcode 9.3";
			developmentRegion = en;
			hasScannedForEncodings = 0;
			knownRegions = (
				en,
				Base,
			);
			mainGroup = C208419F22D4FB2C00FDE213;
			productRefGroup = C20841A922D4FB2C00FDE213 /* Products */;
			projectDirPath = "";
			projectRoot = "";
			targets = (
				C20841A722D4FB2C00FDE213 /* UIDynamic UISnap UiAttachment + practce */,
			);
		};
/* End PBXProject section */

/* Begin PBXResourcesBuildPhase section */
		C20841A622D4FB2C00FDE213 /* Resources */ = {
			isa = PBXResourcesBuildPhase;
			buildActionMask = 2147483647;
			files = (
				C20841B622D4FB2D00FDE213 /* LaunchScreen.storyboard in Resources */,
				C20841B322D4FB2D00FDE213 /* Assets.xcassets in Resources */,
				C20841B122D4FB2C00FDE213 /* Main.storyboard in Resources */,
			);
			runOnlyForDeploymentPostprocessing = 0;
		};
/* End PBXResourcesBuildPhase section */

/* Begin PBXSourcesBuildPhase section */
		C20841A422D4FB2C00FDE213 /* Sources */ = {
			isa = PBXSourcesBuildPhase;
			buildActionMask = 2147483647;
			files = (
				C20841AE22D4FB2C00FDE213 /* ViewController.swift in Sources */,
				C20841AC22D4FB2C00FDE213 /* AppDelegate.swift in Sources */,
			);
			runOnlyForDeploymentPostprocessing = 0;
		};
/* End PBXSourcesBuildPhase section */

/* Begin PBXVariantGroup section */
		C20841AF22D4FB2C00FDE213 /* Main.storyboard */ = {
			isa = PBXVariantGroup;
			children = (
				C20841B022D4FB2C00FDE213 /* Base */,
			);
			name = Main.storyboard;
			sourceTree = "<group>";
		};
		C20841B422D4FB2D00FDE213 /* LaunchScreen.storyboard */ = {
			isa = PBXVariantGroup;
			children = (
				C20841B522D4FB2D00FDE213 /* Base */,
			);
			name = LaunchScreen.storyboard;
			sourceTree = "<group>";
		};
/* End PBXVariantGroup section */

/* Begin XCBuildConfiguration section */
		C20841B822D4FB2D00FDE213 /* Debug */ = {
			isa = XCBuildConfiguration;
			buildSettings = {
				ALWAYS_SEARCH_USER_PATHS = NO;
				CLANG_ANALYZER_NONNULL = YES;
				CLANG_ANALYZER_NUMBER_OBJECT_CONVERSION = YES_AGGRESSIVE;
				CLANG_CXX_LANGUAGE_STANDARD = "gnu++14";
				CLANG_CXX_LIBRARY = "libc++";
				CLANG_ENABLE_MODULES = YES;
				CLANG_ENABLE_OBJC_ARC = YES;
				CLANG_ENABLE_OBJC_WEAK = YES;
				CLANG_WARN_BLOCK_CAPTURE_AUTORELEASING = YES;
				CLANG_WARN_BOOL_CONVERSION = YES;
				CLANG_WARN_COMMA = YES;
				CLANG_WARN_CONSTANT_CONVERSION = YES;
				CLANG_WARN_DEPRECATED_OBJC_IMPLEMENTATIONS = YES;
				CLANG_WARN_DIRECT_OBJC_ISA_USAGE = YES_ERROR;
				CLANG_WARN_DOCUMENTATION_COMMENTS = YES;
				CLANG_WARN_EMPTY_BODY = YES;
				CLANG_WARN_ENUM_CONVERSION = YES;
				CLANG_WARN_INFINITE_RECURSION = YES;
				CLANG_WARN_INT_CONVERSION = YES;
				CLANG_WARN_NON_LITERAL_NULL_CONVERSION = YES;
				CLANG_WARN_OBJC_IMPLICIT_RETAIN_SELF = YES;
				CLANG_WARN_OBJC_LITERAL_CONVERSION = YES;
				CLANG_WARN_OBJC_ROOT_CLASS = YES_ERROR;
				CLANG_WARN_RANGE_LOOP_ANALYSIS = YES;
				CLANG_WARN_STRICT_PROTOTYPES = YES;
				CLANG_WARN_SUSPICIOUS_MOVE = YES;
				CLANG_WARN_UNGUARDED_AVAILABILITY = YES_AGGRESSIVE;
				CLANG_WARN_UNREACHABLE_CODE = YES;
				CLANG_WARN__DUPLICATE_METHOD_MATCH = YES;
				CODE_SIGN_IDENTITY = "iPhone Developer";
				COPY_PHASE_STRIP = NO;
				DEBUG_INFORMATION_FORMAT = dwarf;
				ENABLE_STRICT_OBJC_MSGSEND = YES;
				ENABLE_TESTABILITY = YES;
				GCC_C_LANGUAGE_STANDARD = gnu11;
				GCC_DYNAMIC_NO_PIC = NO;
				GCC_NO_COMMON_BLOCKS = YES;
				GCC_OPTIMIZATION_LEVEL = 0;
				GCC_PREPROCESSOR_DEFINITIONS = (
					"DEBUG=1",
					"$(inherited)",
				);
				GCC_WARN_64_TO_32_BIT_CONVERSION = YES;
				GCC_WARN_ABOUT_RETURN_TYPE = YES_ERROR;
				GCC_WARN_UNDECLARED_SELECTOR = YES;
				GCC_WARN_UNINITIALIZED_AUTOS = YES_AGGRESSIVE;
				GCC_WARN_UNUSED_FUNCTION = YES;
				GCC_WARN_UNUSED_VARIABLE = YES;
				IPHONEOS_DEPLOYMENT_TARGET = 12.2;
				MTL_ENABLE_DEBUG_INFO = INCLUDE_SOURCE;
				MTL_FAST_MATH = YES;
				ONLY_ACTIVE_ARCH = YES;
				SDKROOT = iphoneos;
				SWIFT_ACTIVE_COMPILATION_CONDITIONS = DEBUG;
				SWIFT_OPTIMIZATION_LEVEL = "-Onone";
			};
			name = Debug;
		};
		C20841B922D4FB2D00FDE213 /* Release */ = {
			isa = XCBuildConfiguration;
			buildSettings = {
				ALWAYS_SEARCH_USER_PATHS = NO;
				CLANG_ANALYZER_NONNULL = YES;
				CLANG_ANALYZER_NUMBER_OBJECT_CONVERSION = YES_AGGRESSIVE;
				CLANG_CXX_LANGUAGE_STANDARD = "gnu++14";
				CLANG_CXX_LIBRARY = "libc++";
				CLANG_ENABLE_MODULES = YES;
				CLANG_ENABLE_OBJC_ARC = YES;
				CLANG_ENABLE_OBJC_WEAK = YES;
				CLANG_WARN_BLOCK_CAPTURE_AUTORELEASING = YES;
				CLANG_WARN_BOOL_CONVERSION = YES;
				CLANG_WARN_COMMA = YES;
				CLANG_WARN_CONSTANT_CONVERSION = YES;
				CLANG_WARN_DEPRECATED_OBJC_IMPLEMENTATIONS = YES;
				CLANG_WARN_DIRECT_OBJC_ISA_USAGE = YES_ERROR;
				CLANG_WARN_DOCUMENTATION_COMMENTS = YES;
				CLANG_WARN_EMPTY_BODY = YES;
				CLANG_WARN_ENUM_CONVERSION = YES;
				CLANG_WARN_INFINITE_RECURSION = YES;
				CLANG_WARN_INT_CONVERSION = YES;
				CLANG_WARN_NON_LITERAL_NULL_CONVERSION = YES;
				CLANG_WARN_OBJC_IMPLICIT_RETAIN_SELF = YES;
				CLANG_WARN_OBJC_LITERAL_CONVERSION = YES;
				CLANG_WARN_OBJC_ROOT_CLASS = YES_ERROR;
				CLANG_WARN_RANGE_LOOP_ANALYSIS = YES;
				CLANG_WARN_STRICT_PROTOTYPES = YES;
				CLANG_WARN_SUSPICIOUS_MOVE = YES;
				CLANG_WARN_UNGUARDED_AVAILABILITY = YES_AGGRESSIVE;
				CLANG_WARN_UNREACHABLE_CODE = YES;
				CLANG_WARN__DUPLICATE_METHOD_MATCH = YES;
				CODE_SIGN_IDENTITY = "iPhone Developer";
				COPY_PHASE_STRIP = NO;
				DEBUG_INFORMATION_FORMAT = "dwarf-with-dsym";
				ENABLE_NS_ASSERTIONS = NO;
				ENABLE_STRICT_OBJC_MSGSEND = YES;
				GCC_C_LANGUAGE_STANDARD = gnu11;
				GCC_NO_COMMON_BLOCKS = YES;
				GCC_WARN_64_TO_32_BIT_CONVERSION = YES;
				GCC_WARN_ABOUT_RETURN_TYPE = YES_ERROR;
				GCC_WARN_UNDECLARED_SELECTOR = YES;
				GCC_WARN_UNINITIALIZED_AUTOS = YES_AGGRESSIVE;
				GCC_WARN_UNUSED_FUNCTION = YES;
				GCC_WARN_UNUSED_VARIABLE = YES;
				IPHONEOS_DEPLOYMENT_TARGET = 12.2;
				MTL_ENABLE_DEBUG_INFO = NO;
				MTL_FAST_MATH = YES;
				SDKROOT = iphoneos;
				SWIFT_COMPILATION_MODE = wholemodule;
				SWIFT_OPTIMIZATION_LEVEL = "-O";
				VALIDATE_PRODUCT = YES;
			};
			name = Release;
		};
		C20841BB22D4FB2D00FDE213 /* Debug */ = {
			isa = XCBuildConfiguration;
			buildSettings = {
				ASSETCATALOG_COMPILER_APPICON_NAME = AppIcon;
				CODE_SIGN_STYLE = Automatic;
				DEVELOPMENT_TEAM = VAD68YH3ZG;
				INFOPLIST_FILE = "UIDynamic UISnap UiAttachment + practce/Info.plist";
				LD_RUNPATH_SEARCH_PATHS = (
					"$(inherited)",
					"@executable_path/Frameworks",
				);
				PRODUCT_BUNDLE_IDENTIFIER = "-.UIDynamic-UISnap-UiAttachment---practce";
				PRODUCT_NAME = "$(TARGET_NAME)";
				SWIFT_VERSION = 5.0;
				TARGETED_DEVICE_FAMILY = "1,2";
			};
			name = Debug;
		};
		C20841BC22D4FB2D00FDE213 /* Release */ = {
			isa = XCBuildConfiguration;
			buildSettings = {
				ASSETCATALOG_COMPILER_APPICON_NAME = AppIcon;
				CODE_SIGN_STYLE = Automatic;
				DEVELOPMENT_TEAM = VAD68YH3ZG;
				INFOPLIST_FILE = "UIDynamic UISnap UiAttachment + practce/Info.plist";
				LD_RUNPATH_SEARCH_PATHS = (
					"$(inherited)",
					"@executable_path/Frameworks",
				);
				PRODUCT_BUNDLE_IDENTIFIER = "-.UIDynamic-UISnap-UiAttachment---practce";
				PRODUCT_NAME = "$(TARGET_NAME)";
				SWIFT_VERSION = 5.0;
				TARGETED_DEVICE_FAMILY = "1,2";
			};
			name = Release;
		};
/* End XCBuildConfiguration section */

/* Begin XCConfigurationList section */
		C20841A322D4FB2C00FDE213 /* Build configuration list for PBXProject "UIDynamic UISnap UiAttachment + practce" */ = {
			isa = XCConfigurationList;
			buildConfigurations = (
				C20841B822D4FB2D00FDE213 /* Debug */,
				C20841B922D4FB2D00FDE213 /* Release */,
			);
			defaultConfigurationIsVisible = 0;
			defaultConfigurationName = Release;
		};
		C20841BA22D4FB2D00FDE213 /* Build configuration list for PBXNativeTarget "UIDynamic UISnap UiAttachment + practce" */ = {
			isa = XCConfigurationList;
			buildConfigurations = (
				C20841BB22D4FB2D00FDE213 /* Debug */,
				C20841BC22D4FB2D00FDE213 /* Release */,
			);
			defaultConfigurationIsVisible = 0;
			defaultConfigurationName = Release;
		};
/* End XCConfigurationList section */
	};
	rootObject = C20841A022D4FB2C00FDE213 /* Project object */;
}
